// !$*UTF8*$!
{
	archiveVersion = 1;
	classes = {
	};
	objectVersion = 55;
	objects = {

/* Begin PBXBuildFile section */
		3E228583283871B3001B432F /* LoginViewController.swift in Sources */ = {isa = PBXBuildFile; fileRef = 3E228582283871B3001B432F /* LoginViewController.swift */; };
		3E99889628383E1600FC0E5A /* AppDelegate.swift in Sources */ = {isa = PBXBuildFile; fileRef = 3E99889528383E1600FC0E5A /* AppDelegate.swift */; };
		3E99889828383E1600FC0E5A /* SceneDelegate.swift in Sources */ = {isa = PBXBuildFile; fileRef = 3E99889728383E1600FC0E5A /* SceneDelegate.swift */; };
		3E99889A28383E1600FC0E5A /* ViewController.swift in Sources */ = {isa = PBXBuildFile; fileRef = 3E99889928383E1600FC0E5A /* ViewController.swift */; };
		3E99889D28383E1600FC0E5A /* Main.storyboard in Resources */ = {isa = PBXBuildFile; fileRef = 3E99889B28383E1600FC0E5A /* Main.storyboard */; };
		3E99889F28383E1600FC0E5A /* Assets.xcassets in Resources */ = {isa = PBXBuildFile; fileRef = 3E99889E28383E1600FC0E5A /* Assets.xcassets */; };
		3E9988A228383E1600FC0E5A /* LaunchScreen.storyboard in Resources */ = {isa = PBXBuildFile; fileRef = 3E9988A028383E1600FC0E5A /* LaunchScreen.storyboard */; };
		3E9988AA28383E2500FC0E5A /* DataManager.swift in Sources */ = {isa = PBXBuildFile; fileRef = 3E9988A928383E2500FC0E5A /* DataManager.swift */; };
		3E9988AC28384F6700FC0E5A /* PictViewController.swift in Sources */ = {isa = PBXBuildFile; fileRef = 3E9988AB28384F6700FC0E5A /* PictViewController.swift */; };
		3EC078B428392C6D001F7F1C /* FirebaseAuth in Frameworks */ = {isa = PBXBuildFile; productRef = 3EC078B328392C6D001F7F1C /* FirebaseAuth */; };
		3EC078B628392CF0001F7F1C /* GoogleService-Info.plist in Resources */ = {isa = PBXBuildFile; fileRef = 3EC078B528392CF0001F7F1C /* GoogleService-Info.plist */; };
/* End PBXBuildFile section */

/* Begin PBXFileReference section */
		3E228582283871B3001B432F /* LoginViewController.swift */ = {isa = PBXFileReference; lastKnownFileType = sourcecode.swift; path = LoginViewController.swift; sourceTree = "<group>"; };
		3E99889228383E1600FC0E5A /* Gaga.app */ = {isa = PBXFileReference; explicitFileType = wrapper.application; includeInIndex = 0; path = Gaga.app; sourceTree = BUILT_PRODUCTS_DIR; };
		3E99889528383E1600FC0E5A /* AppDelegate.swift */ = {isa = PBXFileReference; lastKnownFileType = sourcecode.swift; path = AppDelegate.swift; sourceTree = "<group>"; };
		3E99889728383E1600FC0E5A /* SceneDelegate.swift */ = {isa = PBXFileReference; lastKnownFileType = sourcecode.swift; path = SceneDelegate.swift; sourceTree = "<group>"; };
		3E99889928383E1600FC0E5A /* ViewController.swift */ = {isa = PBXFileReference; lastKnownFileType = sourcecode.swift; path = ViewController.swift; sourceTree = "<group>"; };
		3E99889C28383E1600FC0E5A /* Base */ = {isa = PBXFileReference; lastKnownFileType = file.storyboard; name = Base; path = Base.lproj/Main.storyboard; sourceTree = "<group>"; };
		3E99889E28383E1600FC0E5A /* Assets.xcassets */ = {isa = PBXFileReference; lastKnownFileType = folder.assetcatalog; path = Assets.xcassets; sourceTree = "<group>"; };
		3E9988A128383E1600FC0E5A /* Base */ = {isa = PBXFileReference; lastKnownFileType = file.storyboard; name = Base; path = Base.lproj/LaunchScreen.storyboard; sourceTree = "<group>"; };
		3E9988A328383E1600FC0E5A /* Info.plist */ = {isa = PBXFileReference; lastKnownFileType = text.plist.xml; path = Info.plist; sourceTree = "<group>"; };
		3E9988A928383E2500FC0E5A /* DataManager.swift */ = {isa = PBXFileReference; lastKnownFileType = sourcecode.swift; path = DataManager.swift; sourceTree = "<group>"; };
		3E9988AB28384F6700FC0E5A /* PictViewController.swift */ = {isa = PBXFileReference; lastKnownFileType = sourcecode.swift; path = PictViewController.swift; sourceTree = "<group>"; };
		3EC078B528392CF0001F7F1C /* GoogleService-Info.plist */ = {isa = PBXFileReference; fileEncoding = 4; lastKnownFileType = text.plist.xml; path = "GoogleService-Info.plist"; sourceTree = "<group>"; };
/* End PBXFileReference section */

/* Begin PBXFrameworksBuildPhase section */
		3E99888F28383E1600FC0E5A /* Frameworks */ = {
			isa = PBXFrameworksBuildPhase;
			buildActionMask = 2147483647;
			files = (
				3EC078B428392C6D001F7F1C /* FirebaseAuth in Frameworks */,
			);
			runOnlyForDeploymentPostprocessing = 0;
		};
/* End PBXFrameworksBuildPhase section */

/* Begin PBXGroup section */
		3E99888928383E1600FC0E5A = {
			isa = PBXGroup;
			children = (
				3E99889428383E1600FC0E5A /* Gaga */,
				3E99889328383E1600FC0E5A /* Products */,
			);
			sourceTree = "<group>";
		};
		3E99889328383E1600FC0E5A /* Products */ = {
			isa = PBXGroup;
			children = (
				3E99889228383E1600FC0E5A /* Gaga.app */,
			);
			name = Products;
			sourceTree = "<group>";
		};
		3E99889428383E1600FC0E5A /* Gaga */ = {
			isa = PBXGroup;
			children = (
				3E99889528383E1600FC0E5A /* AppDelegate.swift */,
				3E99889728383E1600FC0E5A /* SceneDelegate.swift */,
				3E99889928383E1600FC0E5A /* ViewController.swift */,
				3E9988A928383E2500FC0E5A /* DataManager.swift */,
				3E9988AB28384F6700FC0E5A /* PictViewController.swift */,
				3E228582283871B3001B432F /* LoginViewController.swift */,
				3E99889B28383E1600FC0E5A /* Main.storyboard */,
				3E99889E28383E1600FC0E5A /* Assets.xcassets */,
				3E9988A028383E1600FC0E5A /* LaunchScreen.storyboard */,
				3E9988A328383E1600FC0E5A /* Info.plist */,
				3EC078B528392CF0001F7F1C /* GoogleService-Info.plist */,
			);
			path = Gaga;
			sourceTree = "<group>";
		};
/* End PBXGroup section */

/* Begin PBXNativeTarget section */
		3E99889128383E1600FC0E5A /* Gaga */ = {
			isa = PBXNativeTarget;
			buildConfigurationList = 3E9988A628383E1600FC0E5A /* Build configuration list for PBXNativeTarget "Gaga" */;
			buildPhases = (
				3E99888E28383E1600FC0E5A /* Sources */,
				3E99888F28383E1600FC0E5A /* Frameworks */,
				3E99889028383E1600FC0E5A /* Resources */,
			);
			buildRules = (
			);
			dependencies = (
			);
			name = Gaga;
			packageProductDependencies = (
				3EC078B328392C6D001F7F1C /* FirebaseAuth */,
			);
			productName = Gaga;
			productReference = 3E99889228383E1600FC0E5A /* Gaga.app */;
			productType = "com.apple.product-type.application";
		};
/* End PBXNativeTarget section */

/* Begin PBXProject section */
		3E99888A28383E1600FC0E5A /* Project object */ = {
			isa = PBXProject;
			attributes = {
				BuildIndependentTargetsInParallel = 1;
				LastSwiftUpdateCheck = 1340;
				LastUpgradeCheck = 1340;
				TargetAttributes = {
					3E99889128383E1600FC0E5A = {
						CreatedOnToolsVersion = 13.4;
					};
				};
			};
			buildConfigurationList = 3E99888D28383E1600FC0E5A /* Build configuration list for PBXProject "Gaga" */;
			compatibilityVersion = "Xcode 13.0";
			developmentRegion = en;
			hasScannedForEncodings = 0;
			knownRegions = (
				en,
				Base,
			);
			mainGroup = 3E99888928383E1600FC0E5A;
			packageReferences = (
				3EC078B228392C6D001F7F1C /* XCRemoteSwiftPackageReference "firebase-ios-sdk" */,
			);
			productRefGroup = 3E99889328383E1600FC0E5A /* Products */;
			projectDirPath = "";
			projectRoot = "";
			targets = (
				3E99889128383E1600FC0E5A /* Gaga */,
			);
		};
/* End PBXProject section */

/* Begin PBXResourcesBuildPhase section */
		3E99889028383E1600FC0E5A /* Resources */ = {
			isa = PBXResourcesBuildPhase;
			buildActionMask = 2147483647;
			files = (
				3E9988A228383E1600FC0E5A /* LaunchScreen.storyboard in Resources */,
				3EC078B628392CF0001F7F1C /* GoogleService-Info.plist in Resources */,
				3E99889F28383E1600FC0E5A /* Assets.xcassets in Resources */,
				3E99889D28383E1600FC0E5A /* Main.storyboard in Resources */,
			);
			runOnlyForDeploymentPostprocessing = 0;
		};
/* End PBXResourcesBuildPhase section */

/* Begin PBXSourcesBuildPhase section */
		3E99888E28383E1600FC0E5A /* Sources */ = {
			isa = PBXSourcesBuildPhase;
			buildActionMask = 2147483647;
			files = (
				3E228583283871B3001B432F /* LoginViewController.swift in Sources */,
				3E9988AC28384F6700FC0E5A /* PictViewController.swift in Sources */,
				3E99889A28383E1600FC0E5A /* ViewController.swift in Sources */,
				3E9988AA28383E2500FC0E5A /* DataManager.swift in Sources */,
				3E99889628383E1600FC0E5A /* AppDelegate.swift in Sources */,
				3E99889828383E1600FC0E5A /* SceneDelegate.swift in Sources */,
			);
			runOnlyForDeploymentPostprocessing = 0;
		};
/* End PBXSourcesBuildPhase section */

/* Begin PBXVariantGroup section */
		3E99889B28383E1600FC0E5A /* Main.storyboard */ = {
			isa = PBXVariantGroup;
			children = (
				3E99889C28383E1600FC0E5A /* Base */,
			);
			name = Main.storyboard;
			sourceTree = "<group>";
		};
		3E9988A028383E1600FC0E5A /* LaunchScreen.storyboard */ = {
			isa = PBXVariantGroup;
			children = (
				3E9988A128383E1600FC0E5A /* Base */,
			);
			name = LaunchScreen.storyboard;
			sourceTree = "<group>";
		};
/* End PBXVariantGroup section */

/* Begin XCBuildConfiguration section */
		3E9988A428383E1600FC0E5A /* Debug */ = {
			isa = XCBuildConfiguration;
			buildSettings = {
				ALWAYS_SEARCH_USER_PATHS = NO;
				CLANG_ANALYZER_NONNULL = YES;
				CLANG_ANALYZER_NUMBER_OBJECT_CONVERSION = YES_AGGRESSIVE;
				CLANG_CXX_LANGUAGE_STANDARD = "gnu++17";
				CLANG_ENABLE_MODULES = YES;
				CLANG_ENABLE_OBJC_ARC = YES;
				CLANG_ENABLE_OBJC_WEAK = YES;
				CLANG_WARN_BLOCK_CAPTURE_AUTORELEASING = YES;
				CLANG_WARN_BOOL_CONVERSION = YES;
				CLANG_WARN_COMMA = YES;
				CLANG_WARN_CONSTANT_CONVERSION = YES;
				CLANG_WARN_DEPRECATED_OBJC_IMPLEMENTATIONS = YES;
				CLANG_WARN_DIRECT_OBJC_ISA_USAGE = YES_ERROR;
				CLANG_WARN_DOCUMENTATION_COMMENTS = YES;
				CLANG_WARN_EMPTY_BODY = YES;
				CLANG_WARN_ENUM_CONVERSION = YES;
				CLANG_WARN_INFINITE_RECURSION = YES;
				CLANG_WARN_INT_CONVERSION = YES;
				CLANG_WARN_NON_LITERAL_NULL_CONVERSION = YES;
				CLANG_WARN_OBJC_IMPLICIT_RETAIN_SELF = YES;
				CLANG_WARN_OBJC_LITERAL_CONVERSION = YES;
				CLANG_WARN_OBJC_ROOT_CLASS = YES_ERROR;
				CLANG_WARN_QUOTED_INCLUDE_IN_FRAMEWORK_HEADER = YES;
				CLANG_WARN_RANGE_LOOP_ANALYSIS = YES;
				CLANG_WARN_STRICT_PROTOTYPES = YES;
				CLANG_WARN_SUSPICIOUS_MOVE = YES;
				CLANG_WARN_UNGUARDED_AVAILABILITY = YES_AGGRESSIVE;
				CLANG_WARN_UNREACHABLE_CODE = YES;
				CLANG_WARN__DUPLICATE_METHOD_MATCH = YES;
				COPY_PHASE_STRIP = NO;
				DEBUG_INFORMATION_FORMAT = dwarf;
				ENABLE_STRICT_OBJC_MSGSEND = YES;
				ENABLE_TESTABILITY = YES;
				GCC_C_LANGUAGE_STANDARD = gnu11;
				GCC_DYNAMIC_NO_PIC = NO;
				GCC_NO_COMMON_BLOCKS = YES;
				GCC_OPTIMIZATION_LEVEL = 0;
				GCC_PREPROCESSOR_DEFINITIONS = (
					"DEBUG=1",
					"$(inherited)",
				);
				GCC_WARN_64_TO_32_BIT_CONVERSION = YES;
				GCC_WARN_ABOUT_RETURN_TYPE = YES_ERROR;
				GCC_WARN_UNDECLARED_SELECTOR = YES;
				GCC_WARN_UNINITIALIZED_AUTOS = YES_AGGRESSIVE;
				GCC_WARN_UNUSED_FUNCTION = YES;
				GCC_WARN_UNUSED_VARIABLE = YES;
				IPHONEOS_DEPLOYMENT_TARGET = 15.5;
				MTL_ENABLE_DEBUG_INFO = INCLUDE_SOURCE;
				MTL_FAST_MATH = YES;
				ONLY_ACTIVE_ARCH = YES;
				SDKROOT = iphoneos;
				SWIFT_ACTIVE_COMPILATION_CONDITIONS = DEBUG;
				SWIFT_OPTIMIZATION_LEVEL = "-Onone";
			};
			name = Debug;
		};
		3E9988A528383E1600FC0E5A /* Release */ = {
			isa = XCBuildConfiguration;
			buildSettings = {
				ALWAYS_SEARCH_USER_PATHS = NO;
				CLANG_ANALYZER_NONNULL = YES;
				CLANG_ANALYZER_NUMBER_OBJECT_CONVERSION = YES_AGGRESSIVE;
				CLANG_CXX_LANGUAGE_STANDARD = "gnu++17";
				CLANG_ENABLE_MODULES = YES;
				CLANG_ENABLE_OBJC_ARC = YES;
				CLANG_ENABLE_OBJC_WEAK = YES;
				CLANG_WARN_BLOCK_CAPTURE_AUTORELEASING = YES;
				CLANG_WARN_BOOL_CONVERSION = YES;
				CLANG_WARN_COMMA = YES;
				CLANG_WARN_CONSTANT_CONVERSION = YES;
				CLANG_WARN_DEPRECATED_OBJC_IMPLEMENTATIONS = YES;
				CLANG_WARN_DIRECT_OBJC_ISA_USAGE = YES_ERROR;
				CLANG_WARN_DOCUMENTATION_COMMENTS = YES;
				CLANG_WARN_EMPTY_BODY = YES;
				CLANG_WARN_ENUM_CONVERSION = YES;
				CLANG_WARN_INFINITE_RECURSION = YES;
				CLANG_WARN_INT_CONVERSION = YES;
				CLANG_WARN_NON_LITERAL_NULL_CONVERSION = YES;
				CLANG_WARN_OBJC_IMPLICIT_RETAIN_SELF = YES;
				CLANG_WARN_OBJC_LITERAL_CONVERSION = YES;
				CLANG_WARN_OBJC_ROOT_CLASS = YES_ERROR;
				CLANG_WARN_QUOTED_INCLUDE_IN_FRAMEWORK_HEADER = YES;
				CLANG_WARN_RANGE_LOOP_ANALYSIS = YES;
				CLANG_WARN_STRICT_PROTOTYPES = YES;
				CLANG_WARN_SUSPICIOUS_MOVE = YES;
				CLANG_WARN_UNGUARDED_AVAILABILITY = YES_AGGRESSIVE;
				CLANG_WARN_UNREACHABLE_CODE = YES;
				CLANG_WARN__DUPLICATE_METHOD_MATCH = YES;
				COPY_PHASE_STRIP = NO;
				DEBUG_INFORMATION_FORMAT = "dwarf-with-dsym";
				ENABLE_NS_ASSERTIONS = NO;
				ENABLE_STRICT_OBJC_MSGSEND = YES;
				GCC_C_LANGUAGE_STANDARD = gnu11;
				GCC_NO_COMMON_BLOCKS = YES;
				GCC_WARN_64_TO_32_BIT_CONVERSION = YES;
				GCC_WARN_ABOUT_RETURN_TYPE = YES_ERROR;
				GCC_WARN_UNDECLARED_SELECTOR = YES;
				GCC_WARN_UNINITIALIZED_AUTOS = YES_AGGRESSIVE;
				GCC_WARN_UNUSED_FUNCTION = YES;
				GCC_WARN_UNUSED_VARIABLE = YES;
				IPHONEOS_DEPLOYMENT_TARGET = 15.5;
				MTL_ENABLE_DEBUG_INFO = NO;
				MTL_FAST_MATH = YES;
				SDKROOT = iphoneos;
				SWIFT_COMPILATION_MODE = wholemodule;
				SWIFT_OPTIMIZATION_LEVEL = "-O";
				VALIDATE_PRODUCT = YES;
			};
			name = Release;
		};
		3E9988A728383E1600FC0E5A /* Debug */ = {
			isa = XCBuildConfiguration;
			buildSettings = {
				ASSETCATALOG_COMPILER_APPICON_NAME = AppIcon;
				ASSETCATALOG_COMPILER_GLOBAL_ACCENT_COLOR_NAME = AccentColor;
				CODE_SIGN_STYLE = Automatic;
				CURRENT_PROJECT_VERSION = 1;
				DEVELOPMENT_TEAM = 7MZU8S6M42;
				GENERATE_INFOPLIST_FILE = YES;
				INFOPLIST_FILE = Gaga/Info.plist;
				INFOPLIST_KEY_UIApplicationSupportsIndirectInputEvents = YES;
				INFOPLIST_KEY_UILaunchStoryboardName = LaunchScreen;
				INFOPLIST_KEY_UIMainStoryboardFile = Main;
				INFOPLIST_KEY_UISupportedInterfaceOrientations_iPad = "UIInterfaceOrientationPortrait UIInterfaceOrientationPortraitUpsideDown UIInterfaceOrientationLandscapeLeft UIInterfaceOrientationLandscapeRight";
				INFOPLIST_KEY_UISupportedInterfaceOrientations_iPhone = "UIInterfaceOrientationPortrait UIInterfaceOrientationLandscapeLeft UIInterfaceOrientationLandscapeRight";
				IPHONEOS_DEPLOYMENT_TARGET = 15.4;
				LD_RUNPATH_SEARCH_PATHS = (
					"$(inherited)",
					"@executable_path/Frameworks",
				);
				MARKETING_VERSION = 1.0;
				PRODUCT_BUNDLE_IDENTIFIER = com.martinez.daniel.Gaga;
				PRODUCT_NAME = "$(TARGET_NAME)";
				SWIFT_EMIT_LOC_STRINGS = YES;
				SWIFT_VERSION = 5.0;
				TARGETED_DEVICE_FAMILY = "1,2";
			};
			name = Debug;
		};
		3E9988A828383E1600FC0E5A /* Release */ = {
			isa = XCBuildConfiguration;
			buildSettings = {
				ASSETCATALOG_COMPILER_APPICON_NAME = AppIcon;
				ASSETCATALOG_COMPILER_GLOBAL_ACCENT_COLOR_NAME = AccentColor;
				CODE_SIGN_STYLE = Automatic;
				CURRENT_PROJECT_VERSION = 1;
				DEVELOPMENT_TEAM = 7MZU8S6M42;
				GENERATE_INFOPLIST_FILE = YES;
				INFOPLIST_FILE = Gaga/Info.plist;
				INFOPLIST_KEY_UIApplicationSupportsIndirectInputEvents = YES;
				INFOPLIST_KEY_UILaunchStoryboardName = LaunchScreen;
				INFOPLIST_KEY_UIMainStoryboardFile = Main;
				INFOPLIST_KEY_UISupportedInterfaceOrientations_iPad = "UIInterfaceOrientationPortrait UIInterfaceOrientationPortraitUpsideDown UIInterfaceOrientationLandscapeLeft UIInterfaceOrientationLandscapeRight";
				INFOPLIST_KEY_UISupportedInterfaceOrientations_iPhone = "UIInterfaceOrientationPortrait UIInterfaceOrientationLandscapeLeft UIInterfaceOrientationLandscapeRight";
				IPHONEOS_DEPLOYMENT_TARGET = 15.4;
				LD_RUNPATH_SEARCH_PATHS = (
					"$(inherited)",
					"@executable_path/Frameworks",
				);
				MARKETING_VERSION = 1.0;
				PRODUCT_BUNDLE_IDENTIFIER = com.martinez.daniel.Gaga;
				PRODUCT_NAME = "$(TARGET_NAME)";
				SWIFT_EMIT_LOC_STRINGS = YES;
				SWIFT_VERSION = 5.0;
				TARGETED_DEVICE_FAMILY = "1,2";
			};
			name = Release;
		};
/* End XCBuildConfiguration section */

/* Begin XCConfigurationList section */
		3E99888D28383E1600FC0E5A /* Build configuration list for PBXProject "Gaga" */ = {
			isa = XCConfigurationList;
			buildConfigurations = (
				3E9988A428383E1600FC0E5A /* Debug */,
				3E9988A528383E1600FC0E5A /* Release */,
			);
			defaultConfigurationIsVisible = 0;
			defaultConfigurationName = Release;
		};
		3E9988A628383E1600FC0E5A /* Build configuration list for PBXNativeTarget "Gaga" */ = {
			isa = XCConfigurationList;
			buildConfigurations = (
				3E9988A728383E1600FC0E5A /* Debug */,
				3E9988A828383E1600FC0E5A /* Release */,
			);
			defaultConfigurationIsVisible = 0;
			defaultConfigurationName = Release;
		};
/* End XCConfigurationList section */

/* Begin XCRemoteSwiftPackageReference section */
		3EC078B228392C6D001F7F1C /* XCRemoteSwiftPackageReference "firebase-ios-sdk" */ = {
			isa = XCRemoteSwiftPackageReference;
			repositoryURL = "https://github.com/firebase/firebase-ios-sdk.git";
			requirement = {
				kind = upToNextMajorVersion;
				minimumVersion = 9.0.0;
			};
		};
/* End XCRemoteSwiftPackageReference section */

/* Begin XCSwiftPackageProductDependency section */
		3EC078B328392C6D001F7F1C /* FirebaseAuth */ = {
			isa = XCSwiftPackageProductDependency;
			package = 3EC078B228392C6D001F7F1C /* XCRemoteSwiftPackageReference "firebase-ios-sdk" */;
			productName = FirebaseAuth;
		};
/* End XCSwiftPackageProductDependency section */
	};
	rootObject = 3E99888A28383E1600FC0E5A /* Project object */;
}
